
Microsoft Visual Studio Solution File, Format Version 12.00
# Visual Studio Version 16
VisualStudioVersion = 16.0.29326.143
MinimumVisualStudioVersion = 10.0.40219.1
Project("{8BC9CEB8-8B4A-11D0-8D11-00A0C91BC942}") = "Lect_2", "Lect_2\Lect_2.vcxproj", "{152239F1-3390-4A63-BFC4-01A0A8BEA777}"
EndProject
Global
	GlobalSection(SolutionConfigurationPlatforms) = preSolution
		Debug|x64 = Debug|x64
		Debug|x86 = Debug|x86
		Release|x64 = Release|x64
		Release|x86 = Release|x86
	EndGlobalSection
	GlobalSection(ProjectConfigurationPlatforms) = postSolution
		{152239F1-3390-4A63-BFC4-01A0A8BEA777}.Debug|x64.ActiveCfg = Debug|x64
		{152239F1-3390-4A63-BFC4-01A0A8BEA777}.Debug|x64.Build.0 = Debug|x64
		{152239F1-3390-4A63-BFC4-01A0A8BEA777}.Debug|x86.ActiveCfg = Debug|Win32
		{152239F1-3390-4A63-BFC4-01A0A8BEA777}.Debug|x86.Build.0 = Debug|Win32
		{152239F1-3390-4A63-BFC4-01A0A8BEA777}.Release|x64.ActiveCfg = Release|x64
		{152239F1-3390-4A63-BFC4-01A0A8BEA777}.Release|x64.Build.0 = Release|x64
		{152239F1-3390-4A63-BFC4-01A0A8BEA777}.Release|x86.ActiveCfg = Release|Win32
		{152239F1-3390-4A63-BFC4-01A0A8BEA777}.Release|x86.Build.0 = Release|Win32
	EndGlobalSection
	GlobalSection(SolutionProperties) = preSolution
		HideSolutionNode = FALSE
	EndGlobalSection
	GlobalSection(ExtensibilityGlobals) = postSolution
		SolutionGuid = {1213916A-9A80-4327-8DB2-837DEFA06416}
	EndGlobalSection
EndGlobal
